
Microsoft Visual Studio Solution File, Format Version 12.00
# Visual Studio Version 16
VisualStudioVersion = 16.0.31702.278
MinimumVisualStudioVersion = 10.0.40219.1
Project("{FAE04EC0-301F-11D3-BF4B-00C04F79EFBC}") = "SalesProjectApi", "SalesProjectApi.csproj", "{70C42604-79C0-4B27-AF11-3100320799BB}"
EndProject
Global
	GlobalSection(SolutionConfigurationPlatforms) = preSolution
		Debug|Any CPU = Debug|Any CPU
		Release|Any CPU = Release|Any CPU
	EndGlobalSection
	GlobalSection(ProjectConfigurationPlatforms) = postSolution
		{70C42604-79C0-4B27-AF11-3100320799BB}.Debug|Any CPU.ActiveCfg = Debug|Any CPU
		{70C42604-79C0-4B27-AF11-3100320799BB}.Debug|Any CPU.Build.0 = Debug|Any CPU
		{70C42604-79C0-4B27-AF11-3100320799BB}.Release|Any CPU.ActiveCfg = Release|Any CPU
		{70C42604-79C0-4B27-AF11-3100320799BB}.Release|Any CPU.Build.0 = Release|Any CPU
	EndGlobalSection
	GlobalSection(SolutionProperties) = preSolution
		HideSolutionNode = FALSE
	EndGlobalSection
	GlobalSection(ExtensibilityGlobals) = postSolution
		SolutionGuid = {B2D5EDDE-E340-4DDB-A0E7-78A958BDD8BE}
	EndGlobalSection
EndGlobal
